
Microsoft Visual Studio Solution File, Format Version 12.00
# Visual Studio Version 16
VisualStudioVersion = 16.0.33529.622
MinimumVisualStudioVersion = 10.0.40219.1
Project("{FAE04EC0-301F-11D3-BF4B-00C04F79EFBC}") = "demo_dotnet core", "demo_dotnet core\demo_dotnet core.csproj", "{8B2475C6-32DE-46DC-8CB6-0700AD6D887C}"
EndProject
Global
	GlobalSection(SolutionConfigurationPlatforms) = preSolution
		Debug|Any CPU = Debug|Any CPU
		Release|Any CPU = Release|Any CPU
	EndGlobalSection
	GlobalSection(ProjectConfigurationPlatforms) = postSolution
		{8B2475C6-32DE-46DC-8CB6-0700AD6D887C}.Debug|Any CPU.ActiveCfg = Debug|Any CPU
		{8B2475C6-32DE-46DC-8CB6-0700AD6D887C}.Debug|Any CPU.Build.0 = Debug|Any CPU
		{8B2475C6-32DE-46DC-8CB6-0700AD6D887C}.Release|Any CPU.ActiveCfg = Release|Any CPU
		{8B2475C6-32DE-46DC-8CB6-0700AD6D887C}.Release|Any CPU.Build.0 = Release|Any CPU
	EndGlobalSection
	GlobalSection(SolutionProperties) = preSolution
		HideSolutionNode = FALSE
	EndGlobalSection
	GlobalSection(ExtensibilityGlobals) = postSolution
		SolutionGuid = {30672717-E8BE-401C-A3F1-A9FEE92BE6B7}
	EndGlobalSection
EndGlobal
